// !$*UTF8*$!
{
	archiveVersion = 1;
	classes = {
	};
	objectVersion = 50;
	objects = {

/* Begin PBXBuildFile section */
		2759A1B0A7290824CDC52AE7 /* libPods-RTPopAnimationTests.a in Frameworks */ = {isa = PBXBuildFile; fileRef = 899A1A141EEABDA2E85CC689 /* libPods-RTPopAnimationTests.a */; };
		88406A49E4E3666C661D9AC5 /* libPods-RTPopAnimationUITests.a in Frameworks */ = {isa = PBXBuildFile; fileRef = C28CD8A1F0F08DC7E109AC87 /* libPods-RTPopAnimationUITests.a */; };
		9F1C4A4F2240DF37002A3123 /* AppDelegate.m in Sources */ = {isa = PBXBuildFile; fileRef = 9F1C4A4E2240DF37002A3123 /* AppDelegate.m */; };
		9F1C4A522240DF37002A3123 /* ViewController.m in Sources */ = {isa = PBXBuildFile; fileRef = 9F1C4A512240DF37002A3123 /* ViewController.m */; };
		9F1C4A552240DF37002A3123 /* Main.storyboard in Resources */ = {isa = PBXBuildFile; fileRef = 9F1C4A532240DF37002A3123 /* Main.storyboard */; };
		9F1C4A572240DF38002A3123 /* Assets.xcassets in Resources */ = {isa = PBXBuildFile; fileRef = 9F1C4A562240DF38002A3123 /* Assets.xcassets */; };
		9F1C4A5A2240DF38002A3123 /* LaunchScreen.storyboard in Resources */ = {isa = PBXBuildFile; fileRef = 9F1C4A582240DF38002A3123 /* LaunchScreen.storyboard */; };
		9F1C4A5D2240DF38002A3123 /* main.m in Sources */ = {isa = PBXBuildFile; fileRef = 9F1C4A5C2240DF38002A3123 /* main.m */; };
		9F1C4A672240DF38002A3123 /* RTPopAnimationTests.m in Sources */ = {isa = PBXBuildFile; fileRef = 9F1C4A662240DF38002A3123 /* RTPopAnimationTests.m */; };
		9F1C4A722240DF38002A3123 /* RTPopAnimationUITests.m in Sources */ = {isa = PBXBuildFile; fileRef = 9F1C4A712240DF38002A3123 /* RTPopAnimationUITests.m */; };
		9F1C4B0222421B2D002A3123 /* PopViewController.m in Sources */ = {isa = PBXBuildFile; fileRef = 9F1C4B0122421B2D002A3123 /* PopViewController.m */; };
		9F1C4B05224222DD002A3123 /* PopStoryboardSegue.m in Sources */ = {isa = PBXBuildFile; fileRef = 9F1C4B04224222DD002A3123 /* PopStoryboardSegue.m */; };
		9F6FC88C224A1F5F004A6EB1 /* SheetViewController.m in Sources */ = {isa = PBXBuildFile; fileRef = 9F6FC88B224A1F5F004A6EB1 /* SheetViewController.m */; };
		E9385F7F35E10E09D195E927 /* libPods-RTPopAnimation.a in Frameworks */ = {isa = PBXBuildFile; fileRef = 7E591CCA349FF93B365B22C5 /* libPods-RTPopAnimation.a */; };
/* End PBXBuildFile section */

/* Begin PBXContainerItemProxy section */
		9F1C4A632240DF38002A3123 /* PBXContainerItemProxy */ = {
			isa = PBXContainerItemProxy;
			containerPortal = 9F1C4A422240DF37002A3123 /* Project object */;
			proxyType = 1;
			remoteGlobalIDString = 9F1C4A492240DF37002A3123;
			remoteInfo = RTPopAnimation;
		};
		9F1C4A6E2240DF38002A3123 /* PBXContainerItemProxy */ = {
			isa = PBXContainerItemProxy;
			containerPortal = 9F1C4A422240DF37002A3123 /* Project object */;
			proxyType = 1;
			remoteGlobalIDString = 9F1C4A492240DF37002A3123;
			remoteInfo = RTPopAnimation;
		};
/* End PBXContainerItemProxy section */

/* Begin PBXFileReference section */
		1F7F6BAFDB15C4C0F96F4588 /* Pods-RTPopAnimationUITests.release.xcconfig */ = {isa = PBXFileReference; includeInIndex = 1; lastKnownFileType = text.xcconfig; name = "Pods-RTPopAnimationUITests.release.xcconfig"; path = "Pods/Target Support Files/Pods-RTPopAnimationUITests/Pods-RTPopAnimationUITests.release.xcconfig"; sourceTree = "<group>"; };
		20284EF89BF5E2A0CD8B3A04 /* Pods-RTPopAnimationTests.release.xcconfig */ = {isa = PBXFileReference; includeInIndex = 1; lastKnownFileType = text.xcconfig; name = "Pods-RTPopAnimationTests.release.xcconfig"; path = "Pods/Target Support Files/Pods-RTPopAnimationTests/Pods-RTPopAnimationTests.release.xcconfig"; sourceTree = "<group>"; };
		3784014031A6D9F0867776BD /* Pods-RTPopAnimation.debug.xcconfig */ = {isa = PBXFileReference; includeInIndex = 1; lastKnownFileType = text.xcconfig; name = "Pods-RTPopAnimation.debug.xcconfig"; path = "Pods/Target Support Files/Pods-RTPopAnimation/Pods-RTPopAnimation.debug.xcconfig"; sourceTree = "<group>"; };
		3A0364E6630EA8681C4D20E1 /* Pods-RTPopAnimationUITests.debug.xcconfig */ = {isa = PBXFileReference; includeInIndex = 1; lastKnownFileType = text.xcconfig; name = "Pods-RTPopAnimationUITests.debug.xcconfig"; path = "Pods/Target Support Files/Pods-RTPopAnimationUITests/Pods-RTPopAnimationUITests.debug.xcconfig"; sourceTree = "<group>"; };
		5E6CD10A43336DD424746D97 /* Pods-RTPopAnimation.release.xcconfig */ = {isa = PBXFileReference; includeInIndex = 1; lastKnownFileType = text.xcconfig; name = "Pods-RTPopAnimation.release.xcconfig"; path = "Pods/Target Support Files/Pods-RTPopAnimation/Pods-RTPopAnimation.release.xcconfig"; sourceTree = "<group>"; };
		7E591CCA349FF93B365B22C5 /* libPods-RTPopAnimation.a */ = {isa = PBXFileReference; explicitFileType = archive.ar; includeInIndex = 0; path = "libPods-RTPopAnimation.a"; sourceTree = BUILT_PRODUCTS_DIR; };
		899A1A141EEABDA2E85CC689 /* libPods-RTPopAnimationTests.a */ = {isa = PBXFileReference; explicitFileType = archive.ar; includeInIndex = 0; path = "libPods-RTPopAnimationTests.a"; sourceTree = BUILT_PRODUCTS_DIR; };
		9F1C4A4A2240DF37002A3123 /* RTPopAnimation.app */ = {isa = PBXFileReference; explicitFileType = wrapper.application; includeInIndex = 0; path = RTPopAnimation.app; sourceTree = BUILT_PRODUCTS_DIR; };
		9F1C4A4D2240DF37002A3123 /* AppDelegate.h */ = {isa = PBXFileReference; lastKnownFileType = sourcecode.c.h; path = AppDelegate.h; sourceTree = "<group>"; };
		9F1C4A4E2240DF37002A3123 /* AppDelegate.m */ = {isa = PBXFileReference; lastKnownFileType = sourcecode.c.objc; path = AppDelegate.m; sourceTree = "<group>"; };
		9F1C4A502240DF37002A3123 /* ViewController.h */ = {isa = PBXFileReference; lastKnownFileType = sourcecode.c.h; path = ViewController.h; sourceTree = "<group>"; };
		9F1C4A512240DF37002A3123 /* ViewController.m */ = {isa = PBXFileReference; lastKnownFileType = sourcecode.c.objc; path = ViewController.m; sourceTree = "<group>"; };
		9F1C4A542240DF37002A3123 /* Base */ = {isa = PBXFileReference; lastKnownFileType = file.storyboard; name = Base; path = Base.lproj/Main.storyboard; sourceTree = "<group>"; };
		9F1C4A562240DF38002A3123 /* Assets.xcassets */ = {isa = PBXFileReference; lastKnownFileType = folder.assetcatalog; path = Assets.xcassets; sourceTree = "<group>"; };
		9F1C4A592240DF38002A3123 /* Base */ = {isa = PBXFileReference; lastKnownFileType = file.storyboard; name = Base; path = Base.lproj/LaunchScreen.storyboard; sourceTree = "<group>"; };
		9F1C4A5B2240DF38002A3123 /* Info.plist */ = {isa = PBXFileReference; lastKnownFileType = text.plist.xml; path = Info.plist; sourceTree = "<group>"; };
		9F1C4A5C2240DF38002A3123 /* main.m */ = {isa = PBXFileReference; lastKnownFileType = sourcecode.c.objc; path = main.m; sourceTree = "<group>"; };
		9F1C4A622240DF38002A3123 /* RTPopAnimationTests.xctest */ = {isa = PBXFileReference; explicitFileType = wrapper.cfbundle; includeInIndex = 0; path = RTPopAnimationTests.xctest; sourceTree = BUILT_PRODUCTS_DIR; };
		9F1C4A662240DF38002A3123 /* RTPopAnimationTests.m */ = {isa = PBXFileReference; lastKnownFileType = sourcecode.c.objc; path = RTPopAnimationTests.m; sourceTree = "<group>"; };
		9F1C4A682240DF38002A3123 /* Info.plist */ = {isa = PBXFileReference; lastKnownFileType = text.plist.xml; path = Info.plist; sourceTree = "<group>"; };
		9F1C4A6D2240DF38002A3123 /* RTPopAnimationUITests.xctest */ = {isa = PBXFileReference; explicitFileType = wrapper.cfbundle; includeInIndex = 0; path = RTPopAnimationUITests.xctest; sourceTree = BUILT_PRODUCTS_DIR; };
		9F1C4A712240DF38002A3123 /* RTPopAnimationUITests.m */ = {isa = PBXFileReference; lastKnownFileType = sourcecode.c.objc; path = RTPopAnimationUITests.m; sourceTree = "<group>"; };
		9F1C4A732240DF38002A3123 /* Info.plist */ = {isa = PBXFileReference; lastKnownFileType = text.plist.xml; path = Info.plist; sourceTree = "<group>"; };
		9F1C4B0022421B2D002A3123 /* PopViewController.h */ = {isa = PBXFileReference; lastKnownFileType = sourcecode.c.h; path = PopViewController.h; sourceTree = "<group>"; };
		9F1C4B0122421B2D002A3123 /* PopViewController.m */ = {isa = PBXFileReference; lastKnownFileType = sourcecode.c.objc; path = PopViewController.m; sourceTree = "<group>"; };
		9F1C4B03224222DD002A3123 /* PopStoryboardSegue.h */ = {isa = PBXFileReference; lastKnownFileType = sourcecode.c.h; path = PopStoryboardSegue.h; sourceTree = "<group>"; };
		9F1C4B04224222DD002A3123 /* PopStoryboardSegue.m */ = {isa = PBXFileReference; lastKnownFileType = sourcecode.c.objc; path = PopStoryboardSegue.m; sourceTree = "<group>"; };
		9F6FC88A224A1F5F004A6EB1 /* SheetViewController.h */ = {isa = PBXFileReference; lastKnownFileType = sourcecode.c.h; path = SheetViewController.h; sourceTree = "<group>"; };
		9F6FC88B224A1F5F004A6EB1 /* SheetViewController.m */ = {isa = PBXFileReference; lastKnownFileType = sourcecode.c.objc; path = SheetViewController.m; sourceTree = "<group>"; };
		B655A0DD14539C0462A0FC91 /* Pods-RTPopAnimationTests.debug.xcconfig */ = {isa = PBXFileReference; includeInIndex = 1; lastKnownFileType = text.xcconfig; name = "Pods-RTPopAnimationTests.debug.xcconfig"; path = "Pods/Target Support Files/Pods-RTPopAnimationTests/Pods-RTPopAnimationTests.debug.xcconfig"; sourceTree = "<group>"; };
		C28CD8A1F0F08DC7E109AC87 /* libPods-RTPopAnimationUITests.a */ = {isa = PBXFileReference; explicitFileType = archive.ar; includeInIndex = 0; path = "libPods-RTPopAnimationUITests.a"; sourceTree = BUILT_PRODUCTS_DIR; };
/* End PBXFileReference section */

/* Begin PBXFrameworksBuildPhase section */
		9F1C4A472240DF37002A3123 /* Frameworks */ = {
			isa = PBXFrameworksBuildPhase;
			buildActionMask = 2147483647;
			files = (
				E9385F7F35E10E09D195E927 /* libPods-RTPopAnimation.a in Frameworks */,
			);
			runOnlyForDeploymentPostprocessing = 0;
		};
		9F1C4A5F2240DF38002A3123 /* Frameworks */ = {
			isa = PBXFrameworksBuildPhase;
			buildActionMask = 2147483647;
			files = (
				2759A1B0A7290824CDC52AE7 /* libPods-RTPopAnimationTests.a in Frameworks */,
			);
			runOnlyForDeploymentPostprocessing = 0;
		};
		9F1C4A6A2240DF38002A3123 /* Frameworks */ = {
			isa = PBXFrameworksBuildPhase;
			buildActionMask = 2147483647;
			files = (
				88406A49E4E3666C661D9AC5 /* libPods-RTPopAnimationUITests.a in Frameworks */,
			);
			runOnlyForDeploymentPostprocessing = 0;
		};
/* End PBXFrameworksBuildPhase section */

/* Begin PBXGroup section */
		20807AE34BC70912DCFDECDF /* Pods */ = {
			isa = PBXGroup;
			children = (
				3784014031A6D9F0867776BD /* Pods-RTPopAnimation.debug.xcconfig */,
				5E6CD10A43336DD424746D97 /* Pods-RTPopAnimation.release.xcconfig */,
				B655A0DD14539C0462A0FC91 /* Pods-RTPopAnimationTests.debug.xcconfig */,
				20284EF89BF5E2A0CD8B3A04 /* Pods-RTPopAnimationTests.release.xcconfig */,
				3A0364E6630EA8681C4D20E1 /* Pods-RTPopAnimationUITests.debug.xcconfig */,
				1F7F6BAFDB15C4C0F96F4588 /* Pods-RTPopAnimationUITests.release.xcconfig */,
			);
			name = Pods;
			sourceTree = "<group>";
		};
		4B4FE33135A1AB4F8D0E3F63 /* Frameworks */ = {
			isa = PBXGroup;
			children = (
				7E591CCA349FF93B365B22C5 /* libPods-RTPopAnimation.a */,
				899A1A141EEABDA2E85CC689 /* libPods-RTPopAnimationTests.a */,
				C28CD8A1F0F08DC7E109AC87 /* libPods-RTPopAnimationUITests.a */,
			);
			name = Frameworks;
			sourceTree = "<group>";
		};
		9F1C4A412240DF37002A3123 = {
			isa = PBXGroup;
			children = (
				9F1C4A4C2240DF37002A3123 /* RTPopAnimation */,
				9F1C4A652240DF38002A3123 /* RTPopAnimationTests */,
				9F1C4A702240DF38002A3123 /* RTPopAnimationUITests */,
				9F1C4A4B2240DF37002A3123 /* Products */,
				20807AE34BC70912DCFDECDF /* Pods */,
				4B4FE33135A1AB4F8D0E3F63 /* Frameworks */,
			);
			sourceTree = "<group>";
		};
		9F1C4A4B2240DF37002A3123 /* Products */ = {
			isa = PBXGroup;
			children = (
				9F1C4A4A2240DF37002A3123 /* RTPopAnimation.app */,
				9F1C4A622240DF38002A3123 /* RTPopAnimationTests.xctest */,
				9F1C4A6D2240DF38002A3123 /* RTPopAnimationUITests.xctest */,
			);
			name = Products;
			sourceTree = "<group>";
		};
		9F1C4A4C2240DF37002A3123 /* RTPopAnimation */ = {
			isa = PBXGroup;
			children = (
				9F1C4A4D2240DF37002A3123 /* AppDelegate.h */,
				9F1C4A4E2240DF37002A3123 /* AppDelegate.m */,
				9F1C4A502240DF37002A3123 /* ViewController.h */,
				9F1C4A512240DF37002A3123 /* ViewController.m */,
				9F1C4B0022421B2D002A3123 /* PopViewController.h */,
				9F1C4B0122421B2D002A3123 /* PopViewController.m */,
				9F6FC88A224A1F5F004A6EB1 /* SheetViewController.h */,
				9F6FC88B224A1F5F004A6EB1 /* SheetViewController.m */,
				9F1C4B03224222DD002A3123 /* PopStoryboardSegue.h */,
				9F1C4B04224222DD002A3123 /* PopStoryboardSegue.m */,
				9F1C4A532240DF37002A3123 /* Main.storyboard */,
				9F1C4A562240DF38002A3123 /* Assets.xcassets */,
				9F1C4A582240DF38002A3123 /* LaunchScreen.storyboard */,
				9F1C4A5B2240DF38002A3123 /* Info.plist */,
				9F1C4A5C2240DF38002A3123 /* main.m */,
			);
			path = RTPopAnimation;
			sourceTree = "<group>";
		};
		9F1C4A652240DF38002A3123 /* RTPopAnimationTests */ = {
			isa = PBXGroup;
			children = (
				9F1C4A662240DF38002A3123 /* RTPopAnimationTests.m */,
				9F1C4A682240DF38002A3123 /* Info.plist */,
			);
			path = RTPopAnimationTests;
			sourceTree = "<group>";
		};
		9F1C4A702240DF38002A3123 /* RTPopAnimationUITests */ = {
			isa = PBXGroup;
			children = (
				9F1C4A712240DF38002A3123 /* RTPopAnimationUITests.m */,
				9F1C4A732240DF38002A3123 /* Info.plist */,
			);
			path = RTPopAnimationUITests;
			sourceTree = "<group>";
		};
/* End PBXGroup section */

/* Begin PBXNativeTarget section */
		9F1C4A492240DF37002A3123 /* RTPopAnimation */ = {
			isa = PBXNativeTarget;
			buildConfigurationList = 9F1C4A762240DF38002A3123 /* Build configuration list for PBXNativeTarget "RTPopAnimation" */;
			buildPhases = (
				F5019CA4CBC9CB15851D98F6 /* [CP] Check Pods Manifest.lock */,
				9F1C4A462240DF37002A3123 /* Sources */,
				9F1C4A472240DF37002A3123 /* Frameworks */,
				9F1C4A482240DF37002A3123 /* Resources */,
			);
			buildRules = (
			);
			dependencies = (
			);
			name = RTPopAnimation;
			productName = RTPopAnimation;
			productReference = 9F1C4A4A2240DF37002A3123 /* RTPopAnimation.app */;
			productType = "com.apple.product-type.application";
		};
		9F1C4A612240DF38002A3123 /* RTPopAnimationTests */ = {
			isa = PBXNativeTarget;
			buildConfigurationList = 9F1C4A792240DF38002A3123 /* Build configuration list for PBXNativeTarget "RTPopAnimationTests" */;
			buildPhases = (
				2CCA4BFD89F81517309EC33B /* [CP] Check Pods Manifest.lock */,
				9F1C4A5E2240DF38002A3123 /* Sources */,
				9F1C4A5F2240DF38002A3123 /* Frameworks */,
				9F1C4A602240DF38002A3123 /* Resources */,
			);
			buildRules = (
			);
			dependencies = (
				9F1C4A642240DF38002A3123 /* PBXTargetDependency */,
			);
			name = RTPopAnimationTests;
			productName = RTPopAnimationTests;
			productReference = 9F1C4A622240DF38002A3123 /* RTPopAnimationTests.xctest */;
			productType = "com.apple.product-type.bundle.unit-test";
		};
		9F1C4A6C2240DF38002A3123 /* RTPopAnimationUITests */ = {
			isa = PBXNativeTarget;
			buildConfigurationList = 9F1C4A7C2240DF38002A3123 /* Build configuration list for PBXNativeTarget "RTPopAnimationUITests" */;
			buildPhases = (
				033523D20AF06409C71EA187 /* [CP] Check Pods Manifest.lock */,
				9F1C4A692240DF38002A3123 /* Sources */,
				9F1C4A6A2240DF38002A3123 /* Frameworks */,
				9F1C4A6B2240DF38002A3123 /* Resources */,
			);
			buildRules = (
			);
			dependencies = (
				9F1C4A6F2240DF38002A3123 /* PBXTargetDependency */,
			);
			name = RTPopAnimationUITests;
			productName = RTPopAnimationUITests;
			productReference = 9F1C4A6D2240DF38002A3123 /* RTPopAnimationUITests.xctest */;
			productType = "com.apple.product-type.bundle.ui-testing";
		};
/* End PBXNativeTarget section */

/* Begin PBXProject section */
		9F1C4A422240DF37002A3123 /* Project object */ = {
			isa = PBXProject;
			attributes = {
				LastUpgradeCheck = 1010;
				ORGANIZATIONNAME = LEJU;
				TargetAttributes = {
					9F1C4A492240DF37002A3123 = {
						CreatedOnToolsVersion = 10.1;
					};
					9F1C4A612240DF38002A3123 = {
						CreatedOnToolsVersion = 10.1;
						TestTargetID = 9F1C4A492240DF37002A3123;
					};
					9F1C4A6C2240DF38002A3123 = {
						CreatedOnToolsVersion = 10.1;
						TestTargetID = 9F1C4A492240DF37002A3123;
					};
				};
			};
			buildConfigurationList = 9F1C4A452240DF37002A3123 /* Build configuration list for PBXProject "RTPopAnimation" */;
			compatibilityVersion = "Xcode 9.3";
			developmentRegion = en;
			hasScannedForEncodings = 0;
			knownRegions = (
				en,
				Base,
			);
			mainGroup = 9F1C4A412240DF37002A3123;
			productRefGroup = 9F1C4A4B2240DF37002A3123 /* Products */;
			projectDirPath = "";
			projectRoot = "";
			targets = (
				9F1C4A492240DF37002A3123 /* RTPopAnimation */,
				9F1C4A612240DF38002A3123 /* RTPopAnimationTests */,
				9F1C4A6C2240DF38002A3123 /* RTPopAnimationUITests */,
			);
		};
/* End PBXProject section */

/* Begin PBXResourcesBuildPhase section */
		9F1C4A482240DF37002A3123 /* Resources */ = {
			isa = PBXResourcesBuildPhase;
			buildActionMask = 2147483647;
			files = (
				9F1C4A5A2240DF38002A3123 /* LaunchScreen.storyboard in Resources */,
				9F1C4A572240DF38002A3123 /* Assets.xcassets in Resources */,
				9F1C4A552240DF37002A3123 /* Main.storyboard in Resources */,
			);
			runOnlyForDeploymentPostprocessing = 0;
		};
		9F1C4A602240DF38002A3123 /* Resources */ = {
			isa = PBXResourcesBuildPhase;
			buildActionMask = 2147483647;
			files = (
			);
			runOnlyForDeploymentPostprocessing = 0;
		};
		9F1C4A6B2240DF38002A3123 /* Resources */ = {
			isa = PBXResourcesBuildPhase;
			buildActionMask = 2147483647;
			files = (
			);
			runOnlyForDeploymentPostprocessing = 0;
		};
/* End PBXResourcesBuildPhase section */

/* Begin PBXShellScriptBuildPhase section */
		033523D20AF06409C71EA187 /* [CP] Check Pods Manifest.lock */ = {
			isa = PBXShellScriptBuildPhase;
			buildActionMask = 2147483647;
			files = (
			);
			inputPaths = (
				"${PODS_PODFILE_DIR_PATH}/Podfile.lock",
				"${PODS_ROOT}/Manifest.lock",
			);
			name = "[CP] Check Pods Manifest.lock";
			outputPaths = (
				"$(DERIVED_FILE_DIR)/Pods-RTPopAnimationUITests-checkManifestLockResult.txt",
			);
			runOnlyForDeploymentPostprocessing = 0;
			shellPath = /bin/sh;
			shellScript = "diff \"${PODS_PODFILE_DIR_PATH}/Podfile.lock\" \"${PODS_ROOT}/Manifest.lock\" > /dev/null\nif [ $? != 0 ] ; then\n    # print error to STDERR\n    echo \"error: The sandbox is not in sync with the Podfile.lock. Run 'pod install' or update your CocoaPods installation.\" >&2\n    exit 1\nfi\n# This output is used by Xcode 'outputs' to avoid re-running this script phase.\necho \"SUCCESS\" > \"${SCRIPT_OUTPUT_FILE_0}\"\n";
			showEnvVarsInLog = 0;
		};
		2CCA4BFD89F81517309EC33B /* [CP] Check Pods Manifest.lock */ = {
			isa = PBXShellScriptBuildPhase;
			buildActionMask = 2147483647;
			files = (
			);
			inputPaths = (
				"${PODS_PODFILE_DIR_PATH}/Podfile.lock",
				"${PODS_ROOT}/Manifest.lock",
			);
			name = "[CP] Check Pods Manifest.lock";
			outputPaths = (
				"$(DERIVED_FILE_DIR)/Pods-RTPopAnimationTests-checkManifestLockResult.txt",
			);
			runOnlyForDeploymentPostprocessing = 0;
			shellPath = /bin/sh;
			shellScript = "diff \"${PODS_PODFILE_DIR_PATH}/Podfile.lock\" \"${PODS_ROOT}/Manifest.lock\" > /dev/null\nif [ $? != 0 ] ; then\n    # print error to STDERR\n    echo \"error: The sandbox is not in sync with the Podfile.lock. Run 'pod install' or update your CocoaPods installation.\" >&2\n    exit 1\nfi\n# This output is used by Xcode 'outputs' to avoid re-running this script phase.\necho \"SUCCESS\" > \"${SCRIPT_OUTPUT_FILE_0}\"\n";
			showEnvVarsInLog = 0;
		};
		F5019CA4CBC9CB15851D98F6 /* [CP] Check Pods Manifest.lock */ = {
			isa = PBXShellScriptBuildPhase;
			buildActionMask = 2147483647;
			files = (
			);
			inputPaths = (
				"${PODS_PODFILE_DIR_PATH}/Podfile.lock",
				"${PODS_ROOT}/Manifest.lock",
			);
			name = "[CP] Check Pods Manifest.lock";
			outputPaths = (
				"$(DERIVED_FILE_DIR)/Pods-RTPopAnimation-checkManifestLockResult.txt",
			);
			runOnlyForDeploymentPostprocessing = 0;
			shellPath = /bin/sh;
			shellScript = "diff \"${PODS_PODFILE_DIR_PATH}/Podfile.lock\" \"${PODS_ROOT}/Manifest.lock\" > /dev/null\nif [ $? != 0 ] ; then\n    # print error to STDERR\n    echo \"error: The sandbox is not in sync with the Podfile.lock. Run 'pod install' or update your CocoaPods installation.\" >&2\n    exit 1\nfi\n# This output is used by Xcode 'outputs' to avoid re-running this script phase.\necho \"SUCCESS\" > \"${SCRIPT_OUTPUT_FILE_0}\"\n";
			showEnvVarsInLog = 0;
		};
/* End PBXShellScriptBuildPhase section */

/* Begin PBXSourcesBuildPhase section */
		9F1C4A462240DF37002A3123 /* Sources */ = {
			isa = PBXSourcesBuildPhase;
			buildActionMask = 2147483647;
			files = (
				9F6FC88C224A1F5F004A6EB1 /* SheetViewController.m in Sources */,
				9F1C4B0222421B2D002A3123 /* PopViewController.m in Sources */,
				9F1C4A522240DF37002A3123 /* ViewController.m in Sources */,
				9F1C4B05224222DD002A3123 /* PopStoryboardSegue.m in Sources */,
				9F1C4A5D2240DF38002A3123 /* main.m in Sources */,
				9F1C4A4F2240DF37002A3123 /* AppDelegate.m in Sources */,
			);
			runOnlyForDeploymentPostprocessing = 0;
		};
		9F1C4A5E2240DF38002A3123 /* Sources */ = {
			isa = PBXSourcesBuildPhase;
			buildActionMask = 2147483647;
			files = (
				9F1C4A672240DF38002A3123 /* RTPopAnimationTests.m in Sources */,
			);
			runOnlyForDeploymentPostprocessing = 0;
		};
		9F1C4A692240DF38002A3123 /* Sources */ = {
			isa = PBXSourcesBuildPhase;
			buildActionMask = 2147483647;
			files = (
				9F1C4A722240DF38002A3123 /* RTPopAnimationUITests.m in Sources */,
			);
			runOnlyForDeploymentPostprocessing = 0;
		};
/* End PBXSourcesBuildPhase section */

/* Begin PBXTargetDependency section */
		9F1C4A642240DF38002A3123 /* PBXTargetDependency */ = {
			isa = PBXTargetDependency;
			target = 9F1C4A492240DF37002A3123 /* RTPopAnimation */;
			targetProxy = 9F1C4A632240DF38002A3123 /* PBXContainerItemProxy */;
		};
		9F1C4A6F2240DF38002A3123 /* PBXTargetDependency */ = {
			isa = PBXTargetDependency;
			target = 9F1C4A492240DF37002A3123 /* RTPopAnimation */;
			targetProxy = 9F1C4A6E2240DF38002A3123 /* PBXContainerItemProxy */;
		};
/* End PBXTargetDependency section */

/* Begin PBXVariantGroup section */
		9F1C4A532240DF37002A3123 /* Main.storyboard */ = {
			isa = PBXVariantGroup;
			children = (
				9F1C4A542240DF37002A3123 /* Base */,
			);
			name = Main.storyboard;
			sourceTree = "<group>";
		};
		9F1C4A582240DF38002A3123 /* LaunchScreen.storyboard */ = {
			isa = PBXVariantGroup;
			children = (
				9F1C4A592240DF38002A3123 /* Base */,
			);
			name = LaunchScreen.storyboard;
			sourceTree = "<group>";
		};
/* End PBXVariantGroup section */

/* Begin XCBuildConfiguration section */
		9F1C4A742240DF38002A3123 /* Debug */ = {
			isa = XCBuildConfiguration;
			buildSettings = {
				ALWAYS_SEARCH_USER_PATHS = NO;
				CLANG_ANALYZER_NONNULL = YES;
				CLANG_ANALYZER_NUMBER_OBJECT_CONVERSION = YES_AGGRESSIVE;
				CLANG_CXX_LANGUAGE_STANDARD = "gnu++14";
				CLANG_CXX_LIBRARY = "libc++";
				CLANG_ENABLE_MODULES = YES;
				CLANG_ENABLE_OBJC_ARC = YES;
				CLANG_ENABLE_OBJC_WEAK = YES;
				CLANG_WARN_BLOCK_CAPTURE_AUTORELEASING = YES;
				CLANG_WARN_BOOL_CONVERSION = YES;
				CLANG_WARN_COMMA = YES;
				CLANG_WARN_CONSTANT_CONVERSION = YES;
				CLANG_WARN_DEPRECATED_OBJC_IMPLEMENTATIONS = YES;
				CLANG_WARN_DIRECT_OBJC_ISA_USAGE = YES_ERROR;
				CLANG_WARN_DOCUMENTATION_COMMENTS = YES;
				CLANG_WARN_EMPTY_BODY = YES;
				CLANG_WARN_ENUM_CONVERSION = YES;
				CLANG_WARN_INFINITE_RECURSION = YES;
				CLANG_WARN_INT_CONVERSION = YES;
				CLANG_WARN_NON_LITERAL_NULL_CONVERSION = YES;
				CLANG_WARN_OBJC_IMPLICIT_RETAIN_SELF = YES;
				CLANG_WARN_OBJC_LITERAL_CONVERSION = YES;
				CLANG_WARN_OBJC_ROOT_CLASS = YES_ERROR;
				CLANG_WARN_RANGE_LOOP_ANALYSIS = YES;
				CLANG_WARN_STRICT_PROTOTYPES = YES;
				CLANG_WARN_SUSPICIOUS_MOVE = YES;
				CLANG_WARN_UNGUARDED_AVAILABILITY = YES_AGGRESSIVE;
				CLANG_WARN_UNREACHABLE_CODE = YES;
				CLANG_WARN__DUPLICATE_METHOD_MATCH = YES;
				CODE_SIGN_IDENTITY = "iPhone Developer";
				COPY_PHASE_STRIP = NO;
				DEBUG_INFORMATION_FORMAT = dwarf;
				ENABLE_STRICT_OBJC_MSGSEND = YES;
				ENABLE_TESTABILITY = YES;
				GCC_C_LANGUAGE_STANDARD = gnu11;
				GCC_DYNAMIC_NO_PIC = NO;
				GCC_NO_COMMON_BLOCKS = YES;
				GCC_OPTIMIZATION_LEVEL = 0;
				GCC_PREPROCESSOR_DEFINITIONS = (
					"DEBUG=1",
					"$(inherited)",
				);
				GCC_WARN_64_TO_32_BIT_CONVERSION = YES;
				GCC_WARN_ABOUT_RETURN_TYPE = YES_ERROR;
				GCC_WARN_UNDECLARED_SELECTOR = YES;
				GCC_WARN_UNINITIALIZED_AUTOS = YES_AGGRESSIVE;
				GCC_WARN_UNUSED_FUNCTION = YES;
				GCC_WARN_UNUSED_VARIABLE = YES;
				IPHONEOS_DEPLOYMENT_TARGET = 12.1;
				MTL_ENABLE_DEBUG_INFO = INCLUDE_SOURCE;
				MTL_FAST_MATH = YES;
				ONLY_ACTIVE_ARCH = YES;
				SDKROOT = iphoneos;
			};
			name = Debug;
		};
		9F1C4A752240DF38002A3123 /* Release */ = {
			isa = XCBuildConfiguration;
			buildSettings = {
				ALWAYS_SEARCH_USER_PATHS = NO;
				CLANG_ANALYZER_NONNULL = YES;
				CLANG_ANALYZER_NUMBER_OBJECT_CONVERSION = YES_AGGRESSIVE;
				CLANG_CXX_LANGUAGE_STANDARD = "gnu++14";
				CLANG_CXX_LIBRARY = "libc++";
				CLANG_ENABLE_MODULES = YES;
				CLANG_ENABLE_OBJC_ARC = YES;
				CLANG_ENABLE_OBJC_WEAK = YES;
				CLANG_WARN_BLOCK_CAPTURE_AUTORELEASING = YES;
				CLANG_WARN_BOOL_CONVERSION = YES;
				CLANG_WARN_COMMA = YES;
				CLANG_WARN_CONSTANT_CONVERSION = YES;
				CLANG_WARN_DEPRECATED_OBJC_IMPLEMENTATIONS = YES;
				CLANG_WARN_DIRECT_OBJC_ISA_USAGE = YES_ERROR;
				CLANG_WARN_DOCUMENTATION_COMMENTS = YES;
				CLANG_WARN_EMPTY_BODY = YES;
				CLANG_WARN_ENUM_CONVERSION = YES;
				CLANG_WARN_INFINITE_RECURSION = YES;
				CLANG_WARN_INT_CONVERSION = YES;
				CLANG_WARN_NON_LITERAL_NULL_CONVERSION = YES;
				CLANG_WARN_OBJC_IMPLICIT_RETAIN_SELF = YES;
				CLANG_WARN_OBJC_LITERAL_CONVERSION = YES;
				CLANG_WARN_OBJC_ROOT_CLASS = YES_ERROR;
				CLANG_WARN_RANGE_LOOP_ANALYSIS = YES;
				CLANG_WARN_STRICT_PROTOTYPES = YES;
				CLANG_WARN_SUSPICIOUS_MOVE = YES;
				CLANG_WARN_UNGUARDED_AVAILABILITY = YES_AGGRESSIVE;
				CLANG_WARN_UNREACHABLE_CODE = YES;
				CLANG_WARN__DUPLICATE_METHOD_MATCH = YES;
				CODE_SIGN_IDENTITY = "iPhone Developer";
				COPY_PHASE_STRIP = NO;
				DEBUG_INFORMATION_FORMAT = "dwarf-with-dsym";
				ENABLE_NS_ASSERTIONS = NO;
				ENABLE_STRICT_OBJC_MSGSEND = YES;
				GCC_C_LANGUAGE_STANDARD = gnu11;
				GCC_NO_COMMON_BLOCKS = YES;
				GCC_WARN_64_TO_32_BIT_CONVERSION = YES;
				GCC_WARN_ABOUT_RETURN_TYPE = YES_ERROR;
				GCC_WARN_UNDECLARED_SELECTOR = YES;
				GCC_WARN_UNINITIALIZED_AUTOS = YES_AGGRESSIVE;
				GCC_WARN_UNUSED_FUNCTION = YES;
				GCC_WARN_UNUSED_VARIABLE = YES;
				IPHONEOS_DEPLOYMENT_TARGET = 12.1;
				MTL_ENABLE_DEBUG_INFO = NO;
				MTL_FAST_MATH = YES;
				SDKROOT = iphoneos;
				VALIDATE_PRODUCT = YES;
			};
			name = Release;
		};
		9F1C4A772240DF38002A3123 /* Debug */ = {
			isa = XCBuildConfiguration;
			baseConfigurationReference = 3784014031A6D9F0867776BD /* Pods-RTPopAnimation.debug.xcconfig */;
			buildSettings = {
				ASSETCATALOG_COMPILER_APPICON_NAME = AppIcon;
				CODE_SIGN_STYLE = Automatic;
				DEVELOPMENT_TEAM = UA3TY6H7X2;
				INFOPLIST_FILE = RTPopAnimation/Info.plist;
				LD_RUNPATH_SEARCH_PATHS = (
					"$(inherited)",
					"@executable_path/Frameworks",
				);
				PRODUCT_BUNDLE_IDENTIFIER = com.colabean.test;
				PRODUCT_NAME = "$(TARGET_NAME)";
				TARGETED_DEVICE_FAMILY = "1,2";
			};
			name = Debug;
		};
		9F1C4A782240DF38002A3123 /* Release */ = {
			isa = XCBuildConfiguration;
			baseConfigurationReference = 5E6CD10A43336DD424746D97 /* Pods-RTPopAnimation.release.xcconfig */;
			buildSettings = {
				ASSETCATALOG_COMPILER_APPICON_NAME = AppIcon;
				CODE_SIGN_STYLE = Automatic;
				DEVELOPMENT_TEAM = UA3TY6H7X2;
				INFOPLIST_FILE = RTPopAnimation/Info.plist;
				LD_RUNPATH_SEARCH_PATHS = (
					"$(inherited)",
					"@executable_path/Frameworks",
				);
				PRODUCT_BUNDLE_IDENTIFIER = com.colabean.test;
				PRODUCT_NAME = "$(TARGET_NAME)";
				TARGETED_DEVICE_FAMILY = "1,2";
			};
			name = Release;
		};
		9F1C4A7A2240DF38002A3123 /* Debug */ = {
			isa = XCBuildConfiguration;
			baseConfigurationReference = B655A0DD14539C0462A0FC91 /* Pods-RTPopAnimationTests.debug.xcconfig */;
			buildSettings = {
				BUNDLE_LOADER = "$(TEST_HOST)";
				CODE_SIGN_STYLE = Automatic;
				INFOPLIST_FILE = RTPopAnimationTests/Info.plist;
				LD_RUNPATH_SEARCH_PATHS = (
					"$(inherited)",
					"@executable_path/Frameworks",
					"@loader_path/Frameworks",
				);
				PRODUCT_BUNDLE_IDENTIFIER = com.eju.RTPopAnimationTests;
				PRODUCT_NAME = "$(TARGET_NAME)";
				TARGETED_DEVICE_FAMILY = "1,2";
				TEST_HOST = "$(BUILT_PRODUCTS_DIR)/RTPopAnimation.app/RTPopAnimation";
			};
			name = Debug;
		};
		9F1C4A7B2240DF38002A3123 /* Release */ = {
			isa = XCBuildConfiguration;
			baseConfigurationReference = 20284EF89BF5E2A0CD8B3A04 /* Pods-RTPopAnimationTests.release.xcconfig */;
			buildSettings = {
				BUNDLE_LOADER = "$(TEST_HOST)";
				CODE_SIGN_STYLE = Automatic;
				INFOPLIST_FILE = RTPopAnimationTests/Info.plist;
				LD_RUNPATH_SEARCH_PATHS = (
					"$(inherited)",
					"@executable_path/Frameworks",
					"@loader_path/Frameworks",
				);
				PRODUCT_BUNDLE_IDENTIFIER = com.eju.RTPopAnimationTests;
				PRODUCT_NAME = "$(TARGET_NAME)";
				TARGETED_DEVICE_FAMILY = "1,2";
				TEST_HOST = "$(BUILT_PRODUCTS_DIR)/RTPopAnimation.app/RTPopAnimation";
			};
			name = Release;
		};
		9F1C4A7D2240DF38002A3123 /* Debug */ = {
			isa = XCBuildConfiguration;
			baseConfigurationReference = 3A0364E6630EA8681C4D20E1 /* Pods-RTPopAnimationUITests.debug.xcconfig */;
			buildSettings = {
				CODE_SIGN_STYLE = Automatic;
				INFOPLIST_FILE = RTPopAnimationUITests/Info.plist;
				LD_RUNPATH_SEARCH_PATHS = (
					"$(inherited)",
					"@executable_path/Frameworks",
					"@loader_path/Frameworks",
				);
				PRODUCT_BUNDLE_IDENTIFIER = com.eju.RTPopAnimationUITests;
				PRODUCT_NAME = "$(TARGET_NAME)";
				TARGETED_DEVICE_FAMILY = "1,2";
				TEST_TARGET_NAME = RTPopAnimation;
			};
			name = Debug;
		};
		9F1C4A7E2240DF38002A3123 /* Release */ = {
			isa = XCBuildConfiguration;
			baseConfigurationReference = 1F7F6BAFDB15C4C0F96F4588 /* Pods-RTPopAnimationUITests.release.xcconfig */;
			buildSettings = {
				CODE_SIGN_STYLE = Automatic;
				INFOPLIST_FILE = RTPopAnimationUITests/Info.plist;
				LD_RUNPATH_SEARCH_PATHS = (
					"$(inherited)",
					"@executable_path/Frameworks",
					"@loader_path/Frameworks",
				);
				PRODUCT_BUNDLE_IDENTIFIER = com.eju.RTPopAnimationUITests;
				PRODUCT_NAME = "$(TARGET_NAME)";
				TARGETED_DEVICE_FAMILY = "1,2";
				TEST_TARGET_NAME = RTPopAnimation;
			};
			name = Release;
		};
/* End XCBuildConfiguration section */

/* Begin XCConfigurationList section */
		9F1C4A452240DF37002A3123 /* Build configuration list for PBXProject "RTPopAnimation" */ = {
			isa = XCConfigurationList;
			buildConfigurations = (
				9F1C4A742240DF38002A3123 /* Debug */,
				9F1C4A752240DF38002A3123 /* Release */,
			);
			defaultConfigurationIsVisible = 0;
			defaultConfigurationName = Release;
		};
		9F1C4A762240DF38002A3123 /* Build configuration list for PBXNativeTarget "RTPopAnimation" */ = {
			isa = XCConfigurationList;
			buildConfigurations = (
				9F1C4A772240DF38002A3123 /* Debug */,
				9F1C4A782240DF38002A3123 /* Release */,
			);
			defaultConfigurationIsVisible = 0;
			defaultConfigurationName = Release;
		};
		9F1C4A792240DF38002A3123 /* Build configuration list for PBXNativeTarget "RTPopAnimationTests" */ = {
			isa = XCConfigurationList;
			buildConfigurations = (
				9F1C4A7A2240DF38002A3123 /* Debug */,
				9F1C4A7B2240DF38002A3123 /* Release */,
			);
			defaultConfigurationIsVisible = 0;
			defaultConfigurationName = Release;
		};
		9F1C4A7C2240DF38002A3123 /* Build configuration list for PBXNativeTarget "RTPopAnimationUITests" */ = {
			isa = XCConfigurationList;
			buildConfigurations = (
				9F1C4A7D2240DF38002A3123 /* Debug */,
				9F1C4A7E2240DF38002A3123 /* Release */,
			);
			defaultConfigurationIsVisible = 0;
			defaultConfigurationName = Release;
		};
/* End XCConfigurationList section */
	};
	rootObject = 9F1C4A422240DF37002A3123 /* Project object */;
}
